
Microsoft Visual Studio Solution File, Format Version 12.00
# Visual Studio Version 16
VisualStudioVersion = 16.0.30011.22
MinimumVisualStudioVersion = 10.0.40219.1
Project("{930C7802-8A8C-48F9-8165-68863BCCD9DD}") = "Deploy", "Deploy.wixproj", "{7AF8271C-CD98-4D63-8C58-08252A34B8F9}"
EndProject
Project("{FAE04EC0-301F-11D3-BF4B-00C04F79EFBC}") = "StateCommandExists", "StateCommandExists\StateCommandExists.csproj", "{ADEBE963-F9B2-4860-8512-364A7C78B757}"
EndProject
Project("{FAE04EC0-301F-11D3-BF4B-00C04F79EFBC}") = "GetProjectName", "GetProjectName\GetProjectName.csproj", "{D9DE011C-0747-428E-B624-447EBB38E361}"
EndProject
Project("{FAE04EC0-301F-11D3-BF4B-00C04F79EFBC}") = "StateDeploy", "StateDeploy\StateDeploy.csproj", "{FDAF56F5-7B7F-4E71-B008-03860A584147}"
EndProject
Project("{FAE04EC0-301F-11D3-BF4B-00C04F79EFBC}") = "Uninstall", "Uninstall\Uninstall.csproj", "{4C663442-BD30-4183-9E55-FD3EEF13F032}"
EndProject
Global
	GlobalSection(SolutionConfigurationPlatforms) = preSolution
		Debug|x86 = Debug|x86
		Release|x86 = Release|x86
	EndGlobalSection
	GlobalSection(ProjectConfigurationPlatforms) = postSolution
		{7AF8271C-CD98-4D63-8C58-08252A34B8F9}.Debug|x86.ActiveCfg = Debug|x86
		{7AF8271C-CD98-4D63-8C58-08252A34B8F9}.Debug|x86.Build.0 = Debug|x86
		{7AF8271C-CD98-4D63-8C58-08252A34B8F9}.Release|x86.ActiveCfg = Release|x86
		{7AF8271C-CD98-4D63-8C58-08252A34B8F9}.Release|x86.Build.0 = Release|x86
		{ADEBE963-F9B2-4860-8512-364A7C78B757}.Debug|x86.ActiveCfg = Debug|x86
		{ADEBE963-F9B2-4860-8512-364A7C78B757}.Debug|x86.Build.0 = Debug|x86
		{ADEBE963-F9B2-4860-8512-364A7C78B757}.Release|x86.ActiveCfg = Release|x86
		{ADEBE963-F9B2-4860-8512-364A7C78B757}.Release|x86.Build.0 = Release|x86
		{D9DE011C-0747-428E-B624-447EBB38E361}.Debug|x86.ActiveCfg = Debug|x86
		{D9DE011C-0747-428E-B624-447EBB38E361}.Debug|x86.Build.0 = Debug|x86
		{D9DE011C-0747-428E-B624-447EBB38E361}.Release|x86.ActiveCfg = Release|x86
		{D9DE011C-0747-428E-B624-447EBB38E361}.Release|x86.Build.0 = Release|x86
		{FDAF56F5-7B7F-4E71-B008-03860A584147}.Debug|x86.ActiveCfg = Debug|x86
		{FDAF56F5-7B7F-4E71-B008-03860A584147}.Debug|x86.Build.0 = Debug|x86
		{FDAF56F5-7B7F-4E71-B008-03860A584147}.Release|x86.ActiveCfg = Release|x86
		{FDAF56F5-7B7F-4E71-B008-03860A584147}.Release|x86.Build.0 = Release|x86
		{4C663442-BD30-4183-9E55-FD3EEF13F032}.Debug|x86.ActiveCfg = Debug|x86
		{4C663442-BD30-4183-9E55-FD3EEF13F032}.Debug|x86.Build.0 = Debug|x86
		{4C663442-BD30-4183-9E55-FD3EEF13F032}.Release|x86.ActiveCfg = Release|x86
		{4C663442-BD30-4183-9E55-FD3EEF13F032}.Release|x86.Build.0 = Release|x86
	EndGlobalSection
	GlobalSection(SolutionProperties) = preSolution
		HideSolutionNode = FALSE
	EndGlobalSection
	GlobalSection(ExtensibilityGlobals) = postSolution
		SolutionGuid = {23F78E2F-A3CE-4583-B32E-C94D2A82522E}
	EndGlobalSection
EndGlobal
